
Microsoft Visual Studio Solution File, Format Version 12.00
# Visual Studio Version 16
VisualStudioVersion = 16.0.30011.22
MinimumVisualStudioVersion = 10.0.40219.1
Project("{FAE04EC0-301F-11D3-BF4B-00C04F79EFBC}") = "Firebird4.5.2", "Firebird4.5.2.csproj", "{AACAB7B6-8269-4F52-A11D-BE1889AE88EB}"
EndProject
Global
	GlobalSection(SolutionConfigurationPlatforms) = preSolution
		Debug|Any CPU = Debug|Any CPU
		Release|Any CPU = Release|Any CPU
	EndGlobalSection
	GlobalSection(ProjectConfigurationPlatforms) = postSolution
		{AACAB7B6-8269-4F52-A11D-BE1889AE88EB}.Debug|Any CPU.ActiveCfg = Debug|Any CPU
		{AACAB7B6-8269-4F52-A11D-BE1889AE88EB}.Debug|Any CPU.Build.0 = Debug|Any CPU
		{AACAB7B6-8269-4F52-A11D-BE1889AE88EB}.Release|Any CPU.ActiveCfg = Release|Any CPU
		{AACAB7B6-8269-4F52-A11D-BE1889AE88EB}.Release|Any CPU.Build.0 = Release|Any CPU
	EndGlobalSection
	GlobalSection(SolutionProperties) = preSolution
		HideSolutionNode = FALSE
	EndGlobalSection
	GlobalSection(ExtensibilityGlobals) = postSolution
		SolutionGuid = {E9EC13B4-3FA4-4551-967A-1822112DE115}
	EndGlobalSection
EndGlobal
